
Microsoft Visual Studio Solution File, Format Version 12.00
# Visual Studio Version 16
VisualStudioVersion = 16.0.29409.12
MinimumVisualStudioVersion = 10.0.40219.1
Project("{FAE04EC0-301F-11D3-BF4B-00C04F79EFBC}") = "Demo_Tiki", "Demo_Tiki.csproj", "{03EB14CD-0A8B-4EA9-A354-90852A2BD88D}"
EndProject
Global
	GlobalSection(SolutionConfigurationPlatforms) = preSolution
		Debug|Any CPU = Debug|Any CPU
		Release|Any CPU = Release|Any CPU
	EndGlobalSection
	GlobalSection(ProjectConfigurationPlatforms) = postSolution
		{03EB14CD-0A8B-4EA9-A354-90852A2BD88D}.Debug|Any CPU.ActiveCfg = Debug|Any CPU
		{03EB14CD-0A8B-4EA9-A354-90852A2BD88D}.Debug|Any CPU.Build.0 = Debug|Any CPU
		{03EB14CD-0A8B-4EA9-A354-90852A2BD88D}.Release|Any CPU.ActiveCfg = Release|Any CPU
		{03EB14CD-0A8B-4EA9-A354-90852A2BD88D}.Release|Any CPU.Build.0 = Release|Any CPU
	EndGlobalSection
	GlobalSection(SolutionProperties) = preSolution
		HideSolutionNode = FALSE
	EndGlobalSection
	GlobalSection(ExtensibilityGlobals) = postSolution
		SolutionGuid = {B13EB258-747B-46AB-9757-A24EEFE9971E}
	EndGlobalSection
EndGlobal
